
Microsoft Visual Studio Solution File, Format Version 12.00
# Visual Studio Version 17
VisualStudioVersion = 17.1.32319.34
MinimumVisualStudioVersion = 10.0.40219.1
Project("{FAE04EC0-301F-11D3-BF4B-00C04F79EFBC}") = "dotnet1", "dotnet1\dotnet1.csproj", "{C149B709-A94D-4B7C-BBC4-D265CEC275DD}"
EndProject
Global
	GlobalSection(SolutionConfigurationPlatforms) = preSolution
		Debug|Any CPU = Debug|Any CPU
		Release|Any CPU = Release|Any CPU
	EndGlobalSection
	GlobalSection(ProjectConfigurationPlatforms) = postSolution
		{C149B709-A94D-4B7C-BBC4-D265CEC275DD}.Debug|Any CPU.ActiveCfg = Debug|Any CPU
		{C149B709-A94D-4B7C-BBC4-D265CEC275DD}.Debug|Any CPU.Build.0 = Debug|Any CPU
		{C149B709-A94D-4B7C-BBC4-D265CEC275DD}.Release|Any CPU.ActiveCfg = Release|Any CPU
		{C149B709-A94D-4B7C-BBC4-D265CEC275DD}.Release|Any CPU.Build.0 = Release|Any CPU
	EndGlobalSection
	GlobalSection(SolutionProperties) = preSolution
		HideSolutionNode = FALSE
	EndGlobalSection
	GlobalSection(ExtensibilityGlobals) = postSolution
		SolutionGuid = {CD2DA198-F528-4E0C-86BF-0FE724F3004E}
	EndGlobalSection
EndGlobal
